
Microsoft Visual Studio Solution File, Format Version 12.00
# Visual Studio 15
VisualStudioVersion = 15.0.27703.2042
MinimumVisualStudioVersion = 10.0.40219.1
Project("{FAE04EC0-301F-11D3-BF4B-00C04F79EFBC}") = "SquadUITweaks", "SquadUITweaks.csproj", "{6F65972F-732A-4EBD-A7A4-B5AE6436F128}"
EndProject
Global
	GlobalSection(SolutionConfigurationPlatforms) = preSolution
		Debug|Any CPU = Debug|Any CPU
		Release|Any CPU = Release|Any CPU
	EndGlobalSection
	GlobalSection(ProjectConfigurationPlatforms) = postSolution
		{6F65972F-732A-4EBD-A7A4-B5AE6436F128}.Debug|Any CPU.ActiveCfg = Debug|Any CPU
		{6F65972F-732A-4EBD-A7A4-B5AE6436F128}.Debug|Any CPU.Build.0 = Debug|Any CPU
		{6F65972F-732A-4EBD-A7A4-B5AE6436F128}.Release|Any CPU.ActiveCfg = Release|Any CPU
		{6F65972F-732A-4EBD-A7A4-B5AE6436F128}.Release|Any CPU.Build.0 = Release|Any CPU
	EndGlobalSection
	GlobalSection(SolutionProperties) = preSolution
		HideSolutionNode = FALSE
	EndGlobalSection
	GlobalSection(ExtensibilityGlobals) = postSolution
		SolutionGuid = {0F186B44-88F2-450B-B7E9-E9F75AAE2E12}
	EndGlobalSection
EndGlobal
